// !$*UTF8*$!
{
	archiveVersion = 1;
	classes = {
	};
	objectVersion = 46;
	objects = {

/* Begin PBXBuildFile section */
		C17B918C1C28CEFE001C22C1 /* AppDelegate.swift in Sources */ = {isa = PBXBuildFile; fileRef = C17B918B1C28CEFE001C22C1 /* AppDelegate.swift */; };
		C17B91911C28CEFE001C22C1 /* Main.storyboard in Resources */ = {isa = PBXBuildFile; fileRef = C17B918F1C28CEFE001C22C1 /* Main.storyboard */; };
		C17B91931C28CEFE001C22C1 /* Assets.xcassets in Resources */ = {isa = PBXBuildFile; fileRef = C17B91921C28CEFE001C22C1 /* Assets.xcassets */; };
		C17B91961C28CEFE001C22C1 /* LaunchScreen.storyboard in Resources */ = {isa = PBXBuildFile; fileRef = C17B91941C28CEFE001C22C1 /* LaunchScreen.storyboard */; };
		C17B919E1C28D138001C22C1 /* MovieListViewController.swift in Sources */ = {isa = PBXBuildFile; fileRef = C17B919D1C28D138001C22C1 /* MovieListViewController.swift */; };
		C17B91A01C28D31A001C22C1 /* Movie.swift in Sources */ = {isa = PBXBuildFile; fileRef = C17B919F1C28D31A001C22C1 /* Movie.swift */; };
/* End PBXBuildFile section */

/* Begin PBXFileReference section */
		C17B91881C28CEFE001C22C1 /* SearchingAndSorting.app */ = {isa = PBXFileReference; explicitFileType = wrapper.application; includeInIndex = 0; path = SearchingAndSorting.app; sourceTree = BUILT_PRODUCTS_DIR; };
		C17B918B1C28CEFE001C22C1 /* AppDelegate.swift */ = {isa = PBXFileReference; lastKnownFileType = sourcecode.swift; path = AppDelegate.swift; sourceTree = "<group>"; };
		C17B91901C28CEFE001C22C1 /* Base */ = {isa = PBXFileReference; lastKnownFileType = file.storyboard; name = Base; path = Base.lproj/Main.storyboard; sourceTree = "<group>"; };
		C17B91921C28CEFE001C22C1 /* Assets.xcassets */ = {isa = PBXFileReference; lastKnownFileType = folder.assetcatalog; path = Assets.xcassets; sourceTree = "<group>"; };
		C17B91951C28CEFE001C22C1 /* Base */ = {isa = PBXFileReference; lastKnownFileType = file.storyboard; name = Base; path = Base.lproj/LaunchScreen.storyboard; sourceTree = "<group>"; };
		C17B91971C28CEFE001C22C1 /* Info.plist */ = {isa = PBXFileReference; lastKnownFileType = text.plist.xml; path = Info.plist; sourceTree = "<group>"; };
		C17B919D1C28D138001C22C1 /* MovieListViewController.swift */ = {isa = PBXFileReference; fileEncoding = 4; lastKnownFileType = sourcecode.swift; path = MovieListViewController.swift; sourceTree = "<group>"; };
		C17B919F1C28D31A001C22C1 /* Movie.swift */ = {isa = PBXFileReference; fileEncoding = 4; lastKnownFileType = sourcecode.swift; path = Movie.swift; sourceTree = "<group>"; };
/* End PBXFileReference section */

/* Begin PBXFrameworksBuildPhase section */
		C17B91851C28CEFE001C22C1 /* Frameworks */ = {
			isa = PBXFrameworksBuildPhase;
			buildActionMask = 2147483647;
			files = (
			);
			runOnlyForDeploymentPostprocessing = 0;
		};
/* End PBXFrameworksBuildPhase section */

/* Begin PBXGroup section */
		C17B917F1C28CEFE001C22C1 = {
			isa = PBXGroup;
			children = (
				C17B918A1C28CEFE001C22C1 /* SearchingAndSorting */,
				C17B91891C28CEFE001C22C1 /* Products */,
			);
			sourceTree = "<group>";
		};
		C17B91891C28CEFE001C22C1 /* Products */ = {
			isa = PBXGroup;
			children = (
				C17B91881C28CEFE001C22C1 /* SearchingAndSorting.app */,
			);
			name = Products;
			sourceTree = "<group>";
		};
		C17B918A1C28CEFE001C22C1 /* SearchingAndSorting */ = {
			isa = PBXGroup;
			children = (
				C17B918B1C28CEFE001C22C1 /* AppDelegate.swift */,
				C17B918F1C28CEFE001C22C1 /* Main.storyboard */,
				C17B91921C28CEFE001C22C1 /* Assets.xcassets */,
				C17B91941C28CEFE001C22C1 /* LaunchScreen.storyboard */,
				C17B91971C28CEFE001C22C1 /* Info.plist */,
				C17B919D1C28D138001C22C1 /* MovieListViewController.swift */,
				C17B919F1C28D31A001C22C1 /* Movie.swift */,
			);
			path = SearchingAndSorting;
			sourceTree = "<group>";
		};
/* End PBXGroup section */

/* Begin PBXNativeTarget section */
		C17B91871C28CEFE001C22C1 /* SearchingAndSorting */ = {
			isa = PBXNativeTarget;
			buildConfigurationList = C17B919A1C28CEFE001C22C1 /* Build configuration list for PBXNativeTarget "SearchingAndSorting" */;
			buildPhases = (
				C17B91841C28CEFE001C22C1 /* Sources */,
				C17B91851C28CEFE001C22C1 /* Frameworks */,
				C17B91861C28CEFE001C22C1 /* Resources */,
			);
			buildRules = (
			);
			dependencies = (
			);
			name = SearchingAndSorting;
			productName = SearchingAndSorting;
			productReference = C17B91881C28CEFE001C22C1 /* SearchingAndSorting.app */;
			productType = "com.apple.product-type.application";
		};
/* End PBXNativeTarget section */

/* Begin PBXProject section */
		C17B91801C28CEFE001C22C1 /* Project object */ = {
			isa = PBXProject;
			attributes = {
				LastSwiftUpdateCheck = 0720;
				LastUpgradeCheck = 0720;
				ORGANIZATIONNAME = "Bytefly, Inc.";
				TargetAttributes = {
					C17B91871C28CEFE001C22C1 = {
						CreatedOnToolsVersion = 7.2;
					};
				};
			};
			buildConfigurationList = C17B91831C28CEFE001C22C1 /* Build configuration list for PBXProject "SearchingAndSorting" */;
			compatibilityVersion = "Xcode 3.2";
			developmentRegion = English;
			hasScannedForEncodings = 0;
			knownRegions = (
				en,
				Base,
			);
			mainGroup = C17B917F1C28CEFE001C22C1;
			productRefGroup = C17B91891C28CEFE001C22C1 /* Products */;
			projectDirPath = "";
			projectRoot = "";
			targets = (
				C17B91871C28CEFE001C22C1 /* SearchingAndSorting */,
			);
		};
/* End PBXProject section */

/* Begin PBXResourcesBuildPhase section */
		C17B91861C28CEFE001C22C1 /* Resources */ = {
			isa = PBXResourcesBuildPhase;
			buildActionMask = 2147483647;
			files = (
				C17B91961C28CEFE001C22C1 /* LaunchScreen.storyboard in Resources */,
				C17B91931C28CEFE001C22C1 /* Assets.xcassets in Resources */,
				C17B91911C28CEFE001C22C1 /* Main.storyboard in Resources */,
			);
			runOnlyForDeploymentPostprocessing = 0;
		};
/* End PBXResourcesBuildPhase section */

/* Begin PBXSourcesBuildPhase section */
		C17B91841C28CEFE001C22C1 /* Sources */ = {
			isa = PBXSourcesBuildPhase;
			buildActionMask = 2147483647;
			files = (
				C17B918C1C28CEFE001C22C1 /* AppDelegate.swift in Sources */,
				C17B919E1C28D138001C22C1 /* MovieListViewController.swift in Sources */,
				C17B91A01C28D31A001C22C1 /* Movie.swift in Sources */,
			);
			runOnlyForDeploymentPostprocessing = 0;
		};
/* End PBXSourcesBuildPhase section */

/* Begin PBXVariantGroup section */
		C17B918F1C28CEFE001C22C1 /* Main.storyboard */ = {
			isa = PBXVariantGroup;
			children = (
				C17B91901C28CEFE001C22C1 /* Base */,
			);
			name = Main.storyboard;
			sourceTree = "<group>";
		};
		C17B91941C28CEFE001C22C1 /* LaunchScreen.storyboard */ = {
			isa = PBXVariantGroup;
			children = (
				C17B91951C28CEFE001C22C1 /* Base */,
			);
			name = LaunchScreen.storyboard;
			sourceTree = "<group>";
		};
/* End PBXVariantGroup section */

/* Begin XCBuildConfiguration section */
		C17B91981C28CEFE001C22C1 /* Debug */ = {
			isa = XCBuildConfiguration;
			buildSettings = {
				ALWAYS_SEARCH_USER_PATHS = NO;
				CLANG_CXX_LANGUAGE_STANDARD = "gnu++0x";
				CLANG_CXX_LIBRARY = "libc++";
				CLANG_ENABLE_MODULES = YES;
				CLANG_ENABLE_OBJC_ARC = YES;
				CLANG_WARN_BOOL_CONVERSION = YES;
				CLANG_WARN_CONSTANT_CONVERSION = YES;
				CLANG_WARN_DIRECT_OBJC_ISA_USAGE = YES_ERROR;
				CLANG_WARN_EMPTY_BODY = YES;
				CLANG_WARN_ENUM_CONVERSION = YES;
				CLANG_WARN_INT_CONVERSION = YES;
				CLANG_WARN_OBJC_ROOT_CLASS = YES_ERROR;
				CLANG_WARN_UNREACHABLE_CODE = YES;
				CLANG_WARN__DUPLICATE_METHOD_MATCH = YES;
				"CODE_SIGN_IDENTITY[sdk=iphoneos*]" = "iPhone Developer";
				COPY_PHASE_STRIP = NO;
				DEBUG_INFORMATION_FORMAT = dwarf;
				ENABLE_STRICT_OBJC_MSGSEND = YES;
				ENABLE_TESTABILITY = YES;
				GCC_C_LANGUAGE_STANDARD = gnu99;
				GCC_DYNAMIC_NO_PIC = NO;
				GCC_NO_COMMON_BLOCKS = YES;
				GCC_OPTIMIZATION_LEVEL = 0;
				GCC_PREPROCESSOR_DEFINITIONS = (
					"DEBUG=1",
					"$(inherited)",
				);
				GCC_WARN_64_TO_32_BIT_CONVERSION = YES;
				GCC_WARN_ABOUT_RETURN_TYPE = YES_ERROR;
				GCC_WARN_UNDECLARED_SELECTOR = YES;
				GCC_WARN_UNINITIALIZED_AUTOS = YES_AGGRESSIVE;
				GCC_WARN_UNUSED_FUNCTION = YES;
				GCC_WARN_UNUSED_VARIABLE = YES;
				IPHONEOS_DEPLOYMENT_TARGET = 9.2;
				MTL_ENABLE_DEBUG_INFO = YES;
				ONLY_ACTIVE_ARCH = YES;
				SDKROOT = iphoneos;
				SWIFT_OPTIMIZATION_LEVEL = "-Onone";
			};
			name = Debug;
		};
		C17B91991C28CEFE001C22C1 /* Release */ = {
			isa = XCBuildConfiguration;
			buildSettings = {
				ALWAYS_SEARCH_USER_PATHS = NO;
				CLANG_CXX_LANGUAGE_STANDARD = "gnu++0x";
				CLANG_CXX_LIBRARY = "libc++";
				CLANG_ENABLE_MODULES = YES;
				CLANG_ENABLE_OBJC_ARC = YES;
				CLANG_WARN_BOOL_CONVERSION = YES;
				CLANG_WARN_CONSTANT_CONVERSION = YES;
				CLANG_WARN_DIRECT_OBJC_ISA_USAGE = YES_ERROR;
				CLANG_WARN_EMPTY_BODY = YES;
				CLANG_WARN_ENUM_CONVERSION = YES;
				CLANG_WARN_INT_CONVERSION = YES;
				CLANG_WARN_OBJC_ROOT_CLASS = YES_ERROR;
				CLANG_WARN_UNREACHABLE_CODE = YES;
				CLANG_WARN__DUPLICATE_METHOD_MATCH = YES;
				"CODE_SIGN_IDENTITY[sdk=iphoneos*]" = "iPhone Developer";
				COPY_PHASE_STRIP = NO;
				DEBUG_INFORMATION_FORMAT = "dwarf-with-dsym";
				ENABLE_NS_ASSERTIONS = NO;
				ENABLE_STRICT_OBJC_MSGSEND = YES;
				GCC_C_LANGUAGE_STANDARD = gnu99;
				GCC_NO_COMMON_BLOCKS = YES;
				GCC_WARN_64_TO_32_BIT_CONVERSION = YES;
				GCC_WARN_ABOUT_RETURN_TYPE = YES_ERROR;
				GCC_WARN_UNDECLARED_SELECTOR = YES;
				GCC_WARN_UNINITIALIZED_AUTOS = YES_AGGRESSIVE;
				GCC_WARN_UNUSED_FUNCTION = YES;
				GCC_WARN_UNUSED_VARIABLE = YES;
				IPHONEOS_DEPLOYMENT_TARGET = 9.2;
				MTL_ENABLE_DEBUG_INFO = NO;
				SDKROOT = iphoneos;
				VALIDATE_PRODUCT = YES;
			};
			name = Release;
		};
		C17B919B1C28CEFE001C22C1 /* Debug */ = {
			isa = XCBuildConfiguration;
			buildSettings = {
				ASSETCATALOG_COMPILER_APPICON_NAME = AppIcon;
				INFOPLIST_FILE = SearchingAndSorting/Info.plist;
				LD_RUNPATH_SEARCH_PATHS = "$(inherited) @executable_path/Frameworks";
				PRODUCT_BUNDLE_IDENTIFIER = com.bytefly.SearchingAndSorting;
				PRODUCT_NAME = "$(TARGET_NAME)";
			};
			name = Debug;
		};
		C17B919C1C28CEFE001C22C1 /* Release */ = {
			isa = XCBuildConfiguration;
			buildSettings = {
				ASSETCATALOG_COMPILER_APPICON_NAME = AppIcon;
				INFOPLIST_FILE = SearchingAndSorting/Info.plist;
				LD_RUNPATH_SEARCH_PATHS = "$(inherited) @executable_path/Frameworks";
				PRODUCT_BUNDLE_IDENTIFIER = com.bytefly.SearchingAndSorting;
				PRODUCT_NAME = "$(TARGET_NAME)";
			};
			name = Release;
		};
/* End XCBuildConfiguration section */

/* Begin XCConfigurationList section */
		C17B91831C28CEFE001C22C1 /* Build configuration list for PBXProject "SearchingAndSorting" */ = {
			isa = XCConfigurationList;
			buildConfigurations = (
				C17B91981C28CEFE001C22C1 /* Debug */,
				C17B91991C28CEFE001C22C1 /* Release */,
			);
			defaultConfigurationIsVisible = 0;
			defaultConfigurationName = Release;
		};
		C17B919A1C28CEFE001C22C1 /* Build configuration list for PBXNativeTarget "SearchingAndSorting" */ = {
			isa = XCConfigurationList;
			buildConfigurations = (
				C17B919B1C28CEFE001C22C1 /* Debug */,
				C17B919C1C28CEFE001C22C1 /* Release */,
			);
			defaultConfigurationIsVisible = 0;
		};
/* End XCConfigurationList section */
	};
	rootObject = C17B91801C28CEFE001C22C1 /* Project object */;
}
